
Microsoft Visual Studio Solution File, Format Version 12.00
# Visual Studio Version 17
VisualStudioVersion = 17.14.36603.0 d17.14
MinimumVisualStudioVersion = 10.0.40219.1
Project("{FAE04EC0-301F-11D3-BF4B-00C04F79EFBC}") = "Net_Dsa_Lab", "Net_Dsa_Lab.csproj", "{9BBB6E0C-2274-46C2-8436-D4C0634072E4}"
EndProject
Global
	GlobalSection(SolutionConfigurationPlatforms) = preSolution
		Debug|Any CPU = Debug|Any CPU
		Release|Any CPU = Release|Any CPU
	EndGlobalSection
	GlobalSection(ProjectConfigurationPlatforms) = postSolution
		{9BBB6E0C-2274-46C2-8436-D4C0634072E4}.Debug|Any CPU.ActiveCfg = Debug|Any CPU
		{9BBB6E0C-2274-46C2-8436-D4C0634072E4}.Debug|Any CPU.Build.0 = Debug|Any CPU
		{9BBB6E0C-2274-46C2-8436-D4C0634072E4}.Release|Any CPU.ActiveCfg = Release|Any CPU
		{9BBB6E0C-2274-46C2-8436-D4C0634072E4}.Release|Any CPU.Build.0 = Release|Any CPU
	EndGlobalSection
	GlobalSection(SolutionProperties) = preSolution
		HideSolutionNode = FALSE
	EndGlobalSection
	GlobalSection(ExtensibilityGlobals) = postSolution
		SolutionGuid = {42DD5662-78BB-4243-878B-2D8E1CFEAC8C}
	EndGlobalSection
EndGlobal
